
Microsoft Visual Studio Solution File, Format Version 12.00
# Visual Studio Version 16
VisualStudioVersion = 16.0.31005.135
MinimumVisualStudioVersion = 10.0.40219.1
Project("{FAE04EC0-301F-11D3-BF4B-00C04F79EFBC}") = "Lab11", "Lab11\Lab11.csproj", "{E7A6F731-8D0E-4985-9D62-878DD1116567}"
EndProject
Global
	GlobalSection(SolutionConfigurationPlatforms) = preSolution
		Debug|Any CPU = Debug|Any CPU
		Release|Any CPU = Release|Any CPU
	EndGlobalSection
	GlobalSection(ProjectConfigurationPlatforms) = postSolution
		{E7A6F731-8D0E-4985-9D62-878DD1116567}.Debug|Any CPU.ActiveCfg = Debug|Any CPU
		{E7A6F731-8D0E-4985-9D62-878DD1116567}.Debug|Any CPU.Build.0 = Debug|Any CPU
		{E7A6F731-8D0E-4985-9D62-878DD1116567}.Release|Any CPU.ActiveCfg = Release|Any CPU
		{E7A6F731-8D0E-4985-9D62-878DD1116567}.Release|Any CPU.Build.0 = Release|Any CPU
	EndGlobalSection
	GlobalSection(SolutionProperties) = preSolution
		HideSolutionNode = FALSE
	EndGlobalSection
	GlobalSection(ExtensibilityGlobals) = postSolution
		SolutionGuid = {F38B26AA-0718-455B-9253-E7BB24B36203}
	EndGlobalSection
EndGlobal
